// !$*UTF8*$!
{
	archiveVersion = 1;
	classes = {
	};
	objectVersion = 50;
	objects = {

/* Begin PBXBuildFile section */
		411CC92923190566001FE1A1 /* DPNote in Resources */ = {isa = PBXBuildFile; fileRef = 411CC92823190566001FE1A1 /* DPNote */; };
		411CC92B23190960001FE1A1 /* Dynamic-Stair.swift in Sources */ = {isa = PBXBuildFile; fileRef = 411CC92A23190960001FE1A1 /* Dynamic-Stair.swift */; };
		414EE79D22CA2DC400B08066 /* AppDelegate.swift in Sources */ = {isa = PBXBuildFile; fileRef = 414EE79C22CA2DC400B08066 /* AppDelegate.swift */; };
		414EE79F22CA2DC400B08066 /* ViewController.swift in Sources */ = {isa = PBXBuildFile; fileRef = 414EE79E22CA2DC400B08066 /* ViewController.swift */; };
		414EE7A222CA2DC400B08066 /* Main.storyboard in Resources */ = {isa = PBXBuildFile; fileRef = 414EE7A022CA2DC400B08066 /* Main.storyboard */; };
		414EE7A422CA2DC400B08066 /* Assets.xcassets in Resources */ = {isa = PBXBuildFile; fileRef = 414EE7A322CA2DC400B08066 /* Assets.xcassets */; };
		414EE7A722CA2DC400B08066 /* LaunchScreen.storyboard in Resources */ = {isa = PBXBuildFile; fileRef = 414EE7A522CA2DC400B08066 /* LaunchScreen.storyboard */; };
		414EE7B222CA2E9A00B08066 /* SymmetricTree.swift in Sources */ = {isa = PBXBuildFile; fileRef = 414EE7B122CA2E9A00B08066 /* SymmetricTree.swift */; };
		414EE7B522CAEDBE00B08066 /* MaximumDepthOfBinaryTree.swift in Sources */ = {isa = PBXBuildFile; fileRef = 414EE7B422CAEDBE00B08066 /* MaximumDepthOfBinaryTree.swift */; };
		414EE7B722CAEDF500B08066 /* TreeNode.swift in Sources */ = {isa = PBXBuildFile; fileRef = 414EE7B622CAEDF500B08066 /* TreeNode.swift */; };
		414EE7B922CAFB4C00B08066 /* BinaryTreeLevelOrderTraversalII.swift in Sources */ = {isa = PBXBuildFile; fileRef = 414EE7B822CAFB4C00B08066 /* BinaryTreeLevelOrderTraversalII.swift */; };
		415FA389230EB3D10077F878 /* LinkedList.swift in Sources */ = {isa = PBXBuildFile; fileRef = 415FA388230EB3D10077F878 /* LinkedList.swift */; };
		504B727A241A8E580087D082 /* LBinarySearch.swift in Sources */ = {isa = PBXBuildFile; fileRef = 504B7279241A8E580087D082 /* LBinarySearch.swift */; };
		50F37C20240416DD00F258DB /* LReverseList.swift in Sources */ = {isa = PBXBuildFile; fileRef = 50F37C1F240416DD00F258DB /* LReverseList.swift */; };
		50F37C222404DF1100F258DB /* LReverseBinary.swift in Sources */ = {isa = PBXBuildFile; fileRef = 50F37C212404DF1100F258DB /* LReverseBinary.swift */; };
		50F37C4A2407BB6300F258DB /* LQuickSort.swift in Sources */ = {isa = PBXBuildFile; fileRef = 50F37C492407BB6300F258DB /* LQuickSort.swift */; };
		50F37C4C2407BB9200F258DB /* LMergeSort.swift in Sources */ = {isa = PBXBuildFile; fileRef = 50F37C4B2407BB9200F258DB /* LMergeSort.swift */; };
		50F37C4E2409436600F258DB /* LBubbleSort.swift in Sources */ = {isa = PBXBuildFile; fileRef = 50F37C4D2409436600F258DB /* LBubbleSort.swift */; };
		50F37C502409479A00F258DB /* LSelectionSort.swift in Sources */ = {isa = PBXBuildFile; fileRef = 50F37C4F2409479A00F258DB /* LSelectionSort.swift */; };
		50F37C52240955C500F258DB /* LInsertionSort.swift in Sources */ = {isa = PBXBuildFile; fileRef = 50F37C51240955C500F258DB /* LInsertionSort.swift */; };
		50F37C54240955D600F258DB /* LShellSort.swift in Sources */ = {isa = PBXBuildFile; fileRef = 50F37C53240955D600F258DB /* LShellSort.swift */; };
		50F37C56240955F700F258DB /* LHeapSort.swift in Sources */ = {isa = PBXBuildFile; fileRef = 50F37C55240955F700F258DB /* LHeapSort.swift */; };
/* End PBXBuildFile section */

/* Begin PBXFileReference section */
		411CC92823190566001FE1A1 /* DPNote */ = {isa = PBXFileReference; lastKnownFileType = text; path = DPNote; sourceTree = "<group>"; };
		411CC92A23190960001FE1A1 /* Dynamic-Stair.swift */ = {isa = PBXFileReference; lastKnownFileType = sourcecode.swift; path = "Dynamic-Stair.swift"; sourceTree = "<group>"; };
		414EE79922CA2DC400B08066 /* LeetCode-Swift.app */ = {isa = PBXFileReference; explicitFileType = wrapper.application; includeInIndex = 0; path = "LeetCode-Swift.app"; sourceTree = BUILT_PRODUCTS_DIR; };
		414EE79C22CA2DC400B08066 /* AppDelegate.swift */ = {isa = PBXFileReference; lastKnownFileType = sourcecode.swift; path = AppDelegate.swift; sourceTree = "<group>"; };
		414EE79E22CA2DC400B08066 /* ViewController.swift */ = {isa = PBXFileReference; lastKnownFileType = sourcecode.swift; path = ViewController.swift; sourceTree = "<group>"; };
		414EE7A122CA2DC400B08066 /* Base */ = {isa = PBXFileReference; lastKnownFileType = file.storyboard; name = Base; path = Base.lproj/Main.storyboard; sourceTree = "<group>"; };
		414EE7A322CA2DC400B08066 /* Assets.xcassets */ = {isa = PBXFileReference; lastKnownFileType = folder.assetcatalog; path = Assets.xcassets; sourceTree = "<group>"; };
		414EE7A622CA2DC400B08066 /* Base */ = {isa = PBXFileReference; lastKnownFileType = file.storyboard; name = Base; path = Base.lproj/LaunchScreen.storyboard; sourceTree = "<group>"; };
		414EE7A822CA2DC400B08066 /* Info.plist */ = {isa = PBXFileReference; lastKnownFileType = text.plist.xml; path = Info.plist; sourceTree = "<group>"; };
		414EE7B122CA2E9A00B08066 /* SymmetricTree.swift */ = {isa = PBXFileReference; lastKnownFileType = sourcecode.swift; path = SymmetricTree.swift; sourceTree = "<group>"; };
		414EE7B422CAEDBE00B08066 /* MaximumDepthOfBinaryTree.swift */ = {isa = PBXFileReference; lastKnownFileType = sourcecode.swift; path = MaximumDepthOfBinaryTree.swift; sourceTree = "<group>"; };
		414EE7B622CAEDF500B08066 /* TreeNode.swift */ = {isa = PBXFileReference; lastKnownFileType = sourcecode.swift; path = TreeNode.swift; sourceTree = "<group>"; };
		414EE7B822CAFB4C00B08066 /* BinaryTreeLevelOrderTraversalII.swift */ = {isa = PBXFileReference; lastKnownFileType = sourcecode.swift; path = BinaryTreeLevelOrderTraversalII.swift; sourceTree = "<group>"; };
		415FA388230EB3D10077F878 /* LinkedList.swift */ = {isa = PBXFileReference; lastKnownFileType = sourcecode.swift; path = LinkedList.swift; sourceTree = "<group>"; };
		504B7279241A8E580087D082 /* LBinarySearch.swift */ = {isa = PBXFileReference; lastKnownFileType = sourcecode.swift; path = LBinarySearch.swift; sourceTree = "<group>"; };
		50F37C1F240416DD00F258DB /* LReverseList.swift */ = {isa = PBXFileReference; lastKnownFileType = sourcecode.swift; path = LReverseList.swift; sourceTree = "<group>"; };
		50F37C212404DF1100F258DB /* LReverseBinary.swift */ = {isa = PBXFileReference; lastKnownFileType = sourcecode.swift; path = LReverseBinary.swift; sourceTree = "<group>"; };
		50F37C492407BB6300F258DB /* LQuickSort.swift */ = {isa = PBXFileReference; lastKnownFileType = sourcecode.swift; path = LQuickSort.swift; sourceTree = "<group>"; };
		50F37C4B2407BB9200F258DB /* LMergeSort.swift */ = {isa = PBXFileReference; lastKnownFileType = sourcecode.swift; path = LMergeSort.swift; sourceTree = "<group>"; };
		50F37C4D2409436600F258DB /* LBubbleSort.swift */ = {isa = PBXFileReference; lastKnownFileType = sourcecode.swift; path = LBubbleSort.swift; sourceTree = "<group>"; };
		50F37C4F2409479A00F258DB /* LSelectionSort.swift */ = {isa = PBXFileReference; lastKnownFileType = sourcecode.swift; path = LSelectionSort.swift; sourceTree = "<group>"; };
		50F37C51240955C500F258DB /* LInsertionSort.swift */ = {isa = PBXFileReference; lastKnownFileType = sourcecode.swift; path = LInsertionSort.swift; sourceTree = "<group>"; };
		50F37C53240955D600F258DB /* LShellSort.swift */ = {isa = PBXFileReference; lastKnownFileType = sourcecode.swift; path = LShellSort.swift; sourceTree = "<group>"; };
		50F37C55240955F700F258DB /* LHeapSort.swift */ = {isa = PBXFileReference; lastKnownFileType = sourcecode.swift; path = LHeapSort.swift; sourceTree = "<group>"; };
/* End PBXFileReference section */

/* Begin PBXFrameworksBuildPhase section */
		414EE79622CA2DC400B08066 /* Frameworks */ = {
			isa = PBXFrameworksBuildPhase;
			buildActionMask = 2147483647;
			files = (
			);
			runOnlyForDeploymentPostprocessing = 0;
		};
/* End PBXFrameworksBuildPhase section */

/* Begin PBXGroup section */
		411CC92623190509001FE1A1 /* Types */ = {
			isa = PBXGroup;
			children = (
				4155B8172403D14B000AF775 /* 链表 */,
				4155B8072403CA8A000AF775 /* 归并排序 */,
				4155B7FF2403C9EC000AF775 /* 冒泡排序 */,
				4155B8002403C9F5000AF775 /* 选择排序 */,
				4155B8052403CA77000AF775 /* 希尔排序 */,
				4155B8042403CA58000AF775 /* 插入排序 */,
				4155B8062403CA82000AF775 /* 堆排序 */,
				4155B8022403CA0A000AF775 /* 快速排序 */,
				4155B8012403CA01000AF775 /* 二分法排序 */,
				4155B7FE2403C9E6000AF775 /* 堆 */,
				4155B7FD2403C9E1000AF775 /* 栈 */,
				4155B7FC2403C9DC000AF775 /* 图 */,
				4155B7FB2403C9D5000AF775 /* 树 */,
				50F37C1E24040D5A00F258DB /* LRU */,
				411CC92723190524001FE1A1 /* DynamicProgramming */,
			);
			path = Types;
			sourceTree = "<group>";
		};
		411CC92723190524001FE1A1 /* DynamicProgramming */ = {
			isa = PBXGroup;
			children = (
				411CC92823190566001FE1A1 /* DPNote */,
				411CC92A23190960001FE1A1 /* Dynamic-Stair.swift */,
			);
			path = DynamicProgramming;
			sourceTree = "<group>";
		};
		414EE79022CA2DC300B08066 = {
			isa = PBXGroup;
			children = (
				414EE79B22CA2DC400B08066 /* LeetCode-Swift */,
				414EE79A22CA2DC400B08066 /* Products */,
			);
			sourceTree = "<group>";
		};
		414EE79A22CA2DC400B08066 /* Products */ = {
			isa = PBXGroup;
			children = (
				414EE79922CA2DC400B08066 /* LeetCode-Swift.app */,
			);
			name = Products;
			sourceTree = "<group>";
		};
		414EE79B22CA2DC400B08066 /* LeetCode-Swift */ = {
			isa = PBXGroup;
			children = (
				50F37C48240785F200F258DB /* Node */,
				411CC92623190509001FE1A1 /* Types */,
				414EE7B022CA2E8500B08066 /* Easy */,
				414EE7AF22CA2E7F00B08066 /* Medium */,
				414EE7AE22CA2E7900B08066 /* Hard */,
				414EE79C22CA2DC400B08066 /* AppDelegate.swift */,
				414EE79E22CA2DC400B08066 /* ViewController.swift */,
				414EE7A022CA2DC400B08066 /* Main.storyboard */,
				414EE7A322CA2DC400B08066 /* Assets.xcassets */,
				414EE7A522CA2DC400B08066 /* LaunchScreen.storyboard */,
				414EE7A822CA2DC400B08066 /* Info.plist */,
			);
			path = "LeetCode-Swift";
			sourceTree = "<group>";
		};
		414EE7AE22CA2E7900B08066 /* Hard */ = {
			isa = PBXGroup;
			children = (
			);
			path = Hard;
			sourceTree = "<group>";
		};
		414EE7AF22CA2E7F00B08066 /* Medium */ = {
			isa = PBXGroup;
			children = (
			);
			path = Medium;
			sourceTree = "<group>";
		};
		414EE7B022CA2E8500B08066 /* Easy */ = {
			isa = PBXGroup;
			children = (
				414EE7B122CA2E9A00B08066 /* SymmetricTree.swift */,
				414EE7B422CAEDBE00B08066 /* MaximumDepthOfBinaryTree.swift */,
				414EE7B822CAFB4C00B08066 /* BinaryTreeLevelOrderTraversalII.swift */,
			);
			path = Easy;
			sourceTree = "<group>";
		};
		4155B7FB2403C9D5000AF775 /* 树 */ = {
			isa = PBXGroup;
			children = (
				50F37C212404DF1100F258DB /* LReverseBinary.swift */,
			);
			path = "树";
			sourceTree = "<group>";
		};
		4155B7FC2403C9DC000AF775 /* 图 */ = {
			isa = PBXGroup;
			children = (
			);
			path = "图";
			sourceTree = "<group>";
		};
		4155B7FD2403C9E1000AF775 /* 栈 */ = {
			isa = PBXGroup;
			children = (
			);
			path = "栈";
			sourceTree = "<group>";
		};
		4155B7FE2403C9E6000AF775 /* 堆 */ = {
			isa = PBXGroup;
			children = (
			);
			path = "堆";
			sourceTree = "<group>";
		};
		4155B7FF2403C9EC000AF775 /* 冒泡排序 */ = {
			isa = PBXGroup;
			children = (
				50F37C4D2409436600F258DB /* LBubbleSort.swift */,
			);
			path = "冒泡排序";
			sourceTree = "<group>";
		};
		4155B8002403C9F5000AF775 /* 选择排序 */ = {
			isa = PBXGroup;
			children = (
				50F37C4F2409479A00F258DB /* LSelectionSort.swift */,
			);
			path = "选择排序";
			sourceTree = "<group>";
		};
		4155B8012403CA01000AF775 /* 二分法排序 */ = {
			isa = PBXGroup;
			children = (
				504B7279241A8E580087D082 /* LBinarySearch.swift */,
			);
			path = "二分法排序";
			sourceTree = "<group>";
		};
		4155B8022403CA0A000AF775 /* 快速排序 */ = {
			isa = PBXGroup;
			children = (
				50F37C492407BB6300F258DB /* LQuickSort.swift */,
			);
			path = "快速排序";
			sourceTree = "<group>";
		};
		4155B8042403CA58000AF775 /* 插入排序 */ = {
			isa = PBXGroup;
			children = (
				50F37C51240955C500F258DB /* LInsertionSort.swift */,
			);
			path = "插入排序";
			sourceTree = "<group>";
		};
		4155B8052403CA77000AF775 /* 希尔排序 */ = {
			isa = PBXGroup;
			children = (
				50F37C53240955D600F258DB /* LShellSort.swift */,
			);
			path = "希尔排序";
			sourceTree = "<group>";
		};
		4155B8062403CA82000AF775 /* 堆排序 */ = {
			isa = PBXGroup;
			children = (
				50F37C55240955F700F258DB /* LHeapSort.swift */,
			);
			path = "堆排序";
			sourceTree = "<group>";
		};
		4155B8072403CA8A000AF775 /* 归并排序 */ = {
			isa = PBXGroup;
			children = (
				50F37C4B2407BB9200F258DB /* LMergeSort.swift */,
			);
			path = "归并排序";
			sourceTree = "<group>";
		};
		4155B8172403D14B000AF775 /* 链表 */ = {
			isa = PBXGroup;
			children = (
				50F37C1F240416DD00F258DB /* LReverseList.swift */,
			);
			path = "链表";
			sourceTree = "<group>";
		};
		50F37C1E24040D5A00F258DB /* LRU */ = {
			isa = PBXGroup;
			children = (
			);
			path = LRU;
			sourceTree = "<group>";
		};
		50F37C48240785F200F258DB /* Node */ = {
			isa = PBXGroup;
			children = (
				415FA388230EB3D10077F878 /* LinkedList.swift */,
				414EE7B622CAEDF500B08066 /* TreeNode.swift */,
			);
			path = Node;
			sourceTree = "<group>";
		};
/* End PBXGroup section */

/* Begin PBXNativeTarget section */
		414EE79822CA2DC400B08066 /* LeetCode-Swift */ = {
			isa = PBXNativeTarget;
			buildConfigurationList = 414EE7AB22CA2DC400B08066 /* Build configuration list for PBXNativeTarget "LeetCode-Swift" */;
			buildPhases = (
				414EE79522CA2DC400B08066 /* Sources */,
				414EE79622CA2DC400B08066 /* Frameworks */,
				414EE79722CA2DC400B08066 /* Resources */,
			);
			buildRules = (
			);
			dependencies = (
			);
			name = "LeetCode-Swift";
			productName = "LeetCode-Swift";
			productReference = 414EE79922CA2DC400B08066 /* LeetCode-Swift.app */;
			productType = "com.apple.product-type.application";
		};
/* End PBXNativeTarget section */

/* Begin PBXProject section */
		414EE79122CA2DC300B08066 /* Project object */ = {
			isa = PBXProject;
			attributes = {
				LastSwiftUpdateCheck = 1020;
				LastUpgradeCheck = 1020;
				ORGANIZATIONNAME = tblx;
				TargetAttributes = {
					414EE79822CA2DC400B08066 = {
						CreatedOnToolsVersion = 10.2.1;
					};
				};
			};
			buildConfigurationList = 414EE79422CA2DC300B08066 /* Build configuration list for PBXProject "LeetCode-Swift" */;
			compatibilityVersion = "Xcode 9.3";
			developmentRegion = en;
			hasScannedForEncodings = 0;
			knownRegions = (
				en,
				Base,
			);
			mainGroup = 414EE79022CA2DC300B08066;
			productRefGroup = 414EE79A22CA2DC400B08066 /* Products */;
			projectDirPath = "";
			projectRoot = "";
			targets = (
				414EE79822CA2DC400B08066 /* LeetCode-Swift */,
			);
		};
/* End PBXProject section */

/* Begin PBXResourcesBuildPhase section */
		414EE79722CA2DC400B08066 /* Resources */ = {
			isa = PBXResourcesBuildPhase;
			buildActionMask = 2147483647;
			files = (
				411CC92923190566001FE1A1 /* DPNote in Resources */,
				414EE7A722CA2DC400B08066 /* LaunchScreen.storyboard in Resources */,
				414EE7A422CA2DC400B08066 /* Assets.xcassets in Resources */,
				414EE7A222CA2DC400B08066 /* Main.storyboard in Resources */,
			);
			runOnlyForDeploymentPostprocessing = 0;
		};
/* End PBXResourcesBuildPhase section */

/* Begin PBXSourcesBuildPhase section */
		414EE79522CA2DC400B08066 /* Sources */ = {
			isa = PBXSourcesBuildPhase;
			buildActionMask = 2147483647;
			files = (
				414EE7B222CA2E9A00B08066 /* SymmetricTree.swift in Sources */,
				414EE79F22CA2DC400B08066 /* ViewController.swift in Sources */,
				50F37C52240955C500F258DB /* LInsertionSort.swift in Sources */,
				414EE7B522CAEDBE00B08066 /* MaximumDepthOfBinaryTree.swift in Sources */,
				411CC92B23190960001FE1A1 /* Dynamic-Stair.swift in Sources */,
				50F37C222404DF1100F258DB /* LReverseBinary.swift in Sources */,
				414EE7B722CAEDF500B08066 /* TreeNode.swift in Sources */,
				50F37C54240955D600F258DB /* LShellSort.swift in Sources */,
				414EE79D22CA2DC400B08066 /* AppDelegate.swift in Sources */,
				415FA389230EB3D10077F878 /* LinkedList.swift in Sources */,
				50F37C4A2407BB6300F258DB /* LQuickSort.swift in Sources */,
				414EE7B922CAFB4C00B08066 /* BinaryTreeLevelOrderTraversalII.swift in Sources */,
				50F37C20240416DD00F258DB /* LReverseList.swift in Sources */,
				504B727A241A8E580087D082 /* LBinarySearch.swift in Sources */,
				50F37C56240955F700F258DB /* LHeapSort.swift in Sources */,
				50F37C4C2407BB9200F258DB /* LMergeSort.swift in Sources */,
				50F37C4E2409436600F258DB /* LBubbleSort.swift in Sources */,
				50F37C502409479A00F258DB /* LSelectionSort.swift in Sources */,
			);
			runOnlyForDeploymentPostprocessing = 0;
		};
/* End PBXSourcesBuildPhase section */

/* Begin PBXVariantGroup section */
		414EE7A022CA2DC400B08066 /* Main.storyboard */ = {
			isa = PBXVariantGroup;
			children = (
				414EE7A122CA2DC400B08066 /* Base */,
			);
			name = Main.storyboard;
			sourceTree = "<group>";
		};
		414EE7A522CA2DC400B08066 /* LaunchScreen.storyboard */ = {
			isa = PBXVariantGroup;
			children = (
				414EE7A622CA2DC400B08066 /* Base */,
			);
			name = LaunchScreen.storyboard;
			sourceTree = "<group>";
		};
/* End PBXVariantGroup section */

/* Begin XCBuildConfiguration section */
		414EE7A922CA2DC400B08066 /* Debug */ = {
			isa = XCBuildConfiguration;
			buildSettings = {
				ALWAYS_SEARCH_USER_PATHS = NO;
				CLANG_ANALYZER_NONNULL = YES;
				CLANG_ANALYZER_NUMBER_OBJECT_CONVERSION = YES_AGGRESSIVE;
				CLANG_CXX_LANGUAGE_STANDARD = "gnu++14";
				CLANG_CXX_LIBRARY = "libc++";
				CLANG_ENABLE_MODULES = YES;
				CLANG_ENABLE_OBJC_ARC = YES;
				CLANG_ENABLE_OBJC_WEAK = YES;
				CLANG_WARN_BLOCK_CAPTURE_AUTORELEASING = YES;
				CLANG_WARN_BOOL_CONVERSION = YES;
				CLANG_WARN_COMMA = YES;
				CLANG_WARN_CONSTANT_CONVERSION = YES;
				CLANG_WARN_DEPRECATED_OBJC_IMPLEMENTATIONS = YES;
				CLANG_WARN_DIRECT_OBJC_ISA_USAGE = YES_ERROR;
				CLANG_WARN_DOCUMENTATION_COMMENTS = YES;
				CLANG_WARN_EMPTY_BODY = YES;
				CLANG_WARN_ENUM_CONVERSION = YES;
				CLANG_WARN_INFINITE_RECURSION = YES;
				CLANG_WARN_INT_CONVERSION = YES;
				CLANG_WARN_NON_LITERAL_NULL_CONVERSION = YES;
				CLANG_WARN_OBJC_IMPLICIT_RETAIN_SELF = YES;
				CLANG_WARN_OBJC_LITERAL_CONVERSION = YES;
				CLANG_WARN_OBJC_ROOT_CLASS = YES_ERROR;
				CLANG_WARN_RANGE_LOOP_ANALYSIS = YES;
				CLANG_WARN_STRICT_PROTOTYPES = YES;
				CLANG_WARN_SUSPICIOUS_MOVE = YES;
				CLANG_WARN_UNGUARDED_AVAILABILITY = YES_AGGRESSIVE;
				CLANG_WARN_UNREACHABLE_CODE = YES;
				CLANG_WARN__DUPLICATE_METHOD_MATCH = YES;
				CODE_SIGN_IDENTITY = "iPhone Developer";
				COPY_PHASE_STRIP = NO;
				DEBUG_INFORMATION_FORMAT = dwarf;
				ENABLE_STRICT_OBJC_MSGSEND = YES;
				ENABLE_TESTABILITY = YES;
				GCC_C_LANGUAGE_STANDARD = gnu11;
				GCC_DYNAMIC_NO_PIC = NO;
				GCC_NO_COMMON_BLOCKS = YES;
				GCC_OPTIMIZATION_LEVEL = 0;
				GCC_PREPROCESSOR_DEFINITIONS = (
					"DEBUG=1",
					"$(inherited)",
				);
				GCC_WARN_64_TO_32_BIT_CONVERSION = YES;
				GCC_WARN_ABOUT_RETURN_TYPE = YES_ERROR;
				GCC_WARN_UNDECLARED_SELECTOR = YES;
				GCC_WARN_UNINITIALIZED_AUTOS = YES_AGGRESSIVE;
				GCC_WARN_UNUSED_FUNCTION = YES;
				GCC_WARN_UNUSED_VARIABLE = YES;
				IPHONEOS_DEPLOYMENT_TARGET = 12.2;
				MTL_ENABLE_DEBUG_INFO = INCLUDE_SOURCE;
				MTL_FAST_MATH = YES;
				ONLY_ACTIVE_ARCH = YES;
				SDKROOT = iphoneos;
				SWIFT_ACTIVE_COMPILATION_CONDITIONS = DEBUG;
				SWIFT_OPTIMIZATION_LEVEL = "-Onone";
			};
			name = Debug;
		};
		414EE7AA22CA2DC400B08066 /* Release */ = {
			isa = XCBuildConfiguration;
			buildSettings = {
				ALWAYS_SEARCH_USER_PATHS = NO;
				CLANG_ANALYZER_NONNULL = YES;
				CLANG_ANALYZER_NUMBER_OBJECT_CONVERSION = YES_AGGRESSIVE;
				CLANG_CXX_LANGUAGE_STANDARD = "gnu++14";
				CLANG_CXX_LIBRARY = "libc++";
				CLANG_ENABLE_MODULES = YES;
				CLANG_ENABLE_OBJC_ARC = YES;
				CLANG_ENABLE_OBJC_WEAK = YES;
				CLANG_WARN_BLOCK_CAPTURE_AUTORELEASING = YES;
				CLANG_WARN_BOOL_CONVERSION = YES;
				CLANG_WARN_COMMA = YES;
				CLANG_WARN_CONSTANT_CONVERSION = YES;
				CLANG_WARN_DEPRECATED_OBJC_IMPLEMENTATIONS = YES;
				CLANG_WARN_DIRECT_OBJC_ISA_USAGE = YES_ERROR;
				CLANG_WARN_DOCUMENTATION_COMMENTS = YES;
				CLANG_WARN_EMPTY_BODY = YES;
				CLANG_WARN_ENUM_CONVERSION = YES;
				CLANG_WARN_INFINITE_RECURSION = YES;
				CLANG_WARN_INT_CONVERSION = YES;
				CLANG_WARN_NON_LITERAL_NULL_CONVERSION = YES;
				CLANG_WARN_OBJC_IMPLICIT_RETAIN_SELF = YES;
				CLANG_WARN_OBJC_LITERAL_CONVERSION = YES;
				CLANG_WARN_OBJC_ROOT_CLASS = YES_ERROR;
				CLANG_WARN_RANGE_LOOP_ANALYSIS = YES;
				CLANG_WARN_STRICT_PROTOTYPES = YES;
				CLANG_WARN_SUSPICIOUS_MOVE = YES;
				CLANG_WARN_UNGUARDED_AVAILABILITY = YES_AGGRESSIVE;
				CLANG_WARN_UNREACHABLE_CODE = YES;
				CLANG_WARN__DUPLICATE_METHOD_MATCH = YES;
				CODE_SIGN_IDENTITY = "iPhone Developer";
				COPY_PHASE_STRIP = NO;
				DEBUG_INFORMATION_FORMAT = "dwarf-with-dsym";
				ENABLE_NS_ASSERTIONS = NO;
				ENABLE_STRICT_OBJC_MSGSEND = YES;
				GCC_C_LANGUAGE_STANDARD = gnu11;
				GCC_NO_COMMON_BLOCKS = YES;
				GCC_WARN_64_TO_32_BIT_CONVERSION = YES;
				GCC_WARN_ABOUT_RETURN_TYPE = YES_ERROR;
				GCC_WARN_UNDECLARED_SELECTOR = YES;
				GCC_WARN_UNINITIALIZED_AUTOS = YES_AGGRESSIVE;
				GCC_WARN_UNUSED_FUNCTION = YES;
				GCC_WARN_UNUSED_VARIABLE = YES;
				IPHONEOS_DEPLOYMENT_TARGET = 12.2;
				MTL_ENABLE_DEBUG_INFO = NO;
				MTL_FAST_MATH = YES;
				SDKROOT = iphoneos;
				SWIFT_COMPILATION_MODE = wholemodule;
				SWIFT_OPTIMIZATION_LEVEL = "-O";
				VALIDATE_PRODUCT = YES;
			};
			name = Release;
		};
		414EE7AC22CA2DC400B08066 /* Debug */ = {
			isa = XCBuildConfiguration;
			buildSettings = {
				ASSETCATALOG_COMPILER_APPICON_NAME = AppIcon;
				CODE_SIGN_STYLE = Automatic;
				INFOPLIST_FILE = "LeetCode-Swift/Info.plist";
				LD_RUNPATH_SEARCH_PATHS = (
					"$(inherited)",
					"@executable_path/Frameworks",
				);
				PRODUCT_BUNDLE_IDENTIFIER = "com.tblx.LeetCode-Swift";
				PRODUCT_NAME = "$(TARGET_NAME)";
				SWIFT_VERSION = 5.0;
				TARGETED_DEVICE_FAMILY = "1,2";
			};
			name = Debug;
		};
		414EE7AD22CA2DC400B08066 /* Release */ = {
			isa = XCBuildConfiguration;
			buildSettings = {
				ASSETCATALOG_COMPILER_APPICON_NAME = AppIcon;
				CODE_SIGN_STYLE = Automatic;
				INFOPLIST_FILE = "LeetCode-Swift/Info.plist";
				LD_RUNPATH_SEARCH_PATHS = (
					"$(inherited)",
					"@executable_path/Frameworks",
				);
				PRODUCT_BUNDLE_IDENTIFIER = "com.tblx.LeetCode-Swift";
				PRODUCT_NAME = "$(TARGET_NAME)";
				SWIFT_VERSION = 5.0;
				TARGETED_DEVICE_FAMILY = "1,2";
			};
			name = Release;
		};
/* End XCBuildConfiguration section */

/* Begin XCConfigurationList section */
		414EE79422CA2DC300B08066 /* Build configuration list for PBXProject "LeetCode-Swift" */ = {
			isa = XCConfigurationList;
			buildConfigurations = (
				414EE7A922CA2DC400B08066 /* Debug */,
				414EE7AA22CA2DC400B08066 /* Release */,
			);
			defaultConfigurationIsVisible = 0;
			defaultConfigurationName = Release;
		};
		414EE7AB22CA2DC400B08066 /* Build configuration list for PBXNativeTarget "LeetCode-Swift" */ = {
			isa = XCConfigurationList;
			buildConfigurations = (
				414EE7AC22CA2DC400B08066 /* Debug */,
				414EE7AD22CA2DC400B08066 /* Release */,
			);
			defaultConfigurationIsVisible = 0;
			defaultConfigurationName = Release;
		};
/* End XCConfigurationList section */
	};
	rootObject = 414EE79122CA2DC300B08066 /* Project object */;
}
